PODS:
  - audio_waveforms (0.0.1):
    - Flutter
  - ffmpeg_kit_flutter_new_min (7.1.1):
    - ffmpeg_kit_flutter_new_min/min (= 7.1.1)
    - Flutter
  - ffmpeg_kit_flutter_new_min/min (7.1.1):
    - Flutter
  - Flutter (1.0.0)
  - flutter_local_notifications (0.0.1):
    - Flutter
  - flutter_onnxruntime (0.0.1):
    - Flutter
    - onnxruntime-objc (= 1.22.0)
  - onnxruntime-c (1.22.0)
  - onnxruntime-objc (1.22.0):
    - onnxruntime-objc/Core (= 1.22.0)
  - onnxruntime-objc/Core (1.22.0):
    - onnxruntime-c (= 1.22.0)
  - permission_handler_apple (9.3.0):
    - Flutter
  - receive_sharing_intent (1.8.1):
    - Flutter
  - share_plus (0.0.1):
    - Flutter
  - sherpa_onnx_ios (1.13.2):
    - Flutter

DEPENDENCIES:
  - audio_waveforms (from `.symlinks/plugins/audio_waveforms/ios`)
  - ffmpeg_kit_flutter_new_min (from `.symlinks/plugins/ffmpeg_kit_flutter_new_min/ios`)
  - Flutter (from `Flutter`)
  - flutter_local_notifications (from `.symlinks/plugins/flutter_local_notifications/ios`)
  - flutter_onnxruntime (from `.symlinks/plugins/flutter_onnxruntime/ios`)
  - permission_handler_apple (from `.symlinks/plugins/permission_handler_apple/ios`)
  - receive_sharing_intent (from `.symlinks/plugins/receive_sharing_intent/ios`)
  - share_plus (from `.symlinks/plugins/share_plus/ios`)
  - sherpa_onnx_ios (from `.symlinks/plugins/sherpa_onnx_ios/ios`)

SPEC REPOS:
  trunk:
    - onnxruntime-c
    - onnxruntime-objc

EXTERNAL SOURCES:
  audio_waveforms:
    :path: ".symlinks/plugins/audio_waveforms/ios"
  ffmpeg_kit_flutter_new_min:
    :path: ".symlinks/plugins/ffmpeg_kit_flutter_new_min/ios"
  Flutter:
    :path: Flutter
  flutter_local_notifications:
    :path: ".symlinks/plugins/flutter_local_notifications/ios"
  flutter_onnxruntime:
    :path: ".symlinks/plugins/flutter_onnxruntime/ios"
  permission_handler_apple:
    :path: ".symlinks/plugins/permission_handler_apple/ios"
  receive_sharing_intent:
    :path: ".symlinks/plugins/receive_sharing_intent/ios"
  share_plus:
    :path: ".symlinks/plugins/share_plus/ios"
  sherpa_onnx_ios:
    :path: ".symlinks/plugins/sherpa_onnx_ios/ios"

SPEC CHECKSUMS:
  audio_waveforms: a6dde7fe7c0ea05f06ffbdb0f7c1b2b2ba6cedcf
  ffmpeg_kit_flutter_new_min: 85493896be79f45e846b5c9b23a3bf73eb284c4a
  Flutter: cabc95a1d2626b1b06e7179b784ebcf0c0cde467
  flutter_local_notifications: ad39620c743ea4c15127860f4b5641649a988100
  flutter_onnxruntime: 515c2ab17b67fb027964ebbf2d02329771a482de
  onnxruntime-c: 7f778680e96145956c0a31945f260321eed2611a
  onnxruntime-objc: 83d28b87525bd971259a66e153ea32b5d023de19
  permission_handler_apple: 4ed2196e43d0651e8ff7ca3483a069d469701f2d
  receive_sharing_intent: 222384f00ffe7e952bbfabaa9e3967cb87e5fe00
  share_plus: de6030e33b4e106470e09322d87cf2a4258d2d1d
  sherpa_onnx_ios: e8ce46d79d231ebdf2edd7b97891f5a601dd3565

PODFILE CHECKSUM: 68fca25cdc7d39a28af1224bcb08721ec50db6e7

COCOAPODS: 1.16.2
